PODS:
  - Flutter (1.0.0)
  - flutter_secure_storage (3.3.1):
    - Flutter
  - qrcode_reader (0.0.1):
    - Flutter

DEPENDENCIES:
  - Flutter (from `Flutter`)
  - flutter_secure_storage (from `.symlinks/plugins/flutter_secure_storage/ios`)
  - qrcode_reader (from `.symlinks/plugins/qrcode_reader/ios`)

EXTERNAL SOURCES:
  Flutter:
    :path: Flutter
  flutter_secure_storage:
    :path: ".symlinks/plugins/flutter_secure_storage/ios"
  qrcode_reader:
    :path: ".symlinks/plugins/qrcode_reader/ios"

SPEC CHECKSUMS:
  Flutter: 0e3d915762c693b495b44d77113d4970485de6ec
  flutter_secure_storage: 7953c38a04c3fdbb00571bcd87d8e3b5ceb9daec
  qrcode_reader: 09b34d43b4c08fe5b63a6e56c96789bcea7b9148

PODFILE CHECKSUM: c34e2287a9ccaa606aeceab922830efb9a6ff69a

COCOAPODS: 1.9.1
